{
  "name": "stay-safe2_0",
  "requires": true,
  "lockfileVersion": 1,
  "dependencies": {
    "snazzy-info-window": {
      "version": "1.1.1",
      "resolved": "https://registry.npmjs.org/snazzy-info-window/-/snazzy-info-window-1.1.1.tgz",
      "integrity": "sha1-O02k9Bw6pqpK2HjsuXw8LrXImy8="
    }
  }
}
